// !$*UTF8*$!
{
	archiveVersion = 1;
	classes = {
	};
	objectVersion = 55;
	objects = {

/* Begin PBXBuildFile section */
		D13D8DFE2894B812001F1C53 /* AppDelegate.swift in Sources */ = {isa = PBXBuildFile; fileRef = D13D8DFD2894B812001F1C53 /* AppDelegate.swift */; };
		D13D8E002894B812001F1C53 /* SceneDelegate.swift in Sources */ = {isa = PBXBuildFile; fileRef = D13D8DFF2894B812001F1C53 /* SceneDelegate.swift */; };
		D13D8E022894B812001F1C53 /* ViewController.swift in Sources */ = {isa = PBXBuildFile; fileRef = D13D8E012894B812001F1C53 /* ViewController.swift */; };
		D13D8E052894B812001F1C53 /* Main.storyboard in Resources */ = {isa = PBXBuildFile; fileRef = D13D8E032894B812001F1C53 /* Main.storyboard */; };
		D13D8E072894B813001F1C53 /* Assets.xcassets in Resources */ = {isa = PBXBuildFile; fileRef = D13D8E062894B813001F1C53 /* Assets.xcassets */; };
		D13D8E0A2894B813001F1C53 /* LaunchScreen.storyboard in Resources */ = {isa = PBXBuildFile; fileRef = D13D8E082894B813001F1C53 /* LaunchScreen.storyboard */; };
		D13D8E152894B814001F1C53 /* IOS_Tip_CalculatorTests.swift in Sources */ = {isa = PBXBuildFile; fileRef = D13D8E142894B814001F1C53 /* IOS_Tip_CalculatorTests.swift */; };
		D13D8E1F2894B814001F1C53 /* IOS_Tip_CalculatorUITests.swift in Sources */ = {isa = PBXBuildFile; fileRef = D13D8E1E2894B814001F1C53 /* IOS_Tip_CalculatorUITests.swift */; };
		D13D8E212894B814001F1C53 /* IOS_Tip_CalculatorUITestsLaunchTests.swift in Sources */ = {isa = PBXBuildFile; fileRef = D13D8E202894B814001F1C53 /* IOS_Tip_CalculatorUITestsLaunchTests.swift */; };
		D13D8E2E2894BFE5001F1C53 /* SettingsViewController.swift in Sources */ = {isa = PBXBuildFile; fileRef = D13D8E2D2894BFE4001F1C53 /* SettingsViewController.swift */; };
/* End PBXBuildFile section */

/* Begin PBXContainerItemProxy section */
		D13D8E112894B814001F1C53 /* PBXContainerItemProxy */ = {
			isa = PBXContainerItemProxy;
			containerPortal = D13D8DF22894B812001F1C53 /* Project object */;
			proxyType = 1;
			remoteGlobalIDString = D13D8DF92894B812001F1C53;
			remoteInfo = "IOS Tip Calculator";
		};
		D13D8E1B2894B814001F1C53 /* PBXContainerItemProxy */ = {
			isa = PBXContainerItemProxy;
			containerPortal = D13D8DF22894B812001F1C53 /* Project object */;
			proxyType = 1;
			remoteGlobalIDString = D13D8DF92894B812001F1C53;
			remoteInfo = "IOS Tip Calculator";
		};
/* End PBXContainerItemProxy section */

/* Begin PBXFileReference section */
		D13D8DFA2894B812001F1C53 /* IOS Tip Calculator.app */ = {isa = PBXFileReference; explicitFileType = wrapper.application; includeInIndex = 0; path = "IOS Tip Calculator.app"; sourceTree = BUILT_PRODUCTS_DIR; };
		D13D8DFD2894B812001F1C53 /* AppDelegate.swift */ = {isa = PBXFileReference; lastKnownFileType = sourcecode.swift; path = AppDelegate.swift; sourceTree = "<group>"; };
		D13D8DFF2894B812001F1C53 /* SceneDelegate.swift */ = {isa = PBXFileReference; lastKnownFileType = sourcecode.swift; path = SceneDelegate.swift; sourceTree = "<group>"; };
		D13D8E012894B812001F1C53 /* ViewController.swift */ = {isa = PBXFileReference; lastKnownFileType = sourcecode.swift; path = ViewController.swift; sourceTree = "<group>"; };
		D13D8E042894B812001F1C53 /* Base */ = {isa = PBXFileReference; lastKnownFileType = file.storyboard; name = Base; path = Base.lproj/Main.storyboard; sourceTree = "<group>"; };
		D13D8E062894B813001F1C53 /* Assets.xcassets */ = {isa = PBXFileReference; lastKnownFileType = folder.assetcatalog; path = Assets.xcassets; sourceTree = "<group>"; };
		D13D8E092894B813001F1C53 /* Base */ = {isa = PBXFileReference; lastKnownFileType = file.storyboard; name = Base; path = Base.lproj/LaunchScreen.storyboard; sourceTree = "<group>"; };
		D13D8E0B2894B813001F1C53 /* Info.plist */ = {isa = PBXFileReference; lastKnownFileType = text.plist.xml; path = Info.plist; sourceTree = "<group>"; };
		D13D8E102894B814001F1C53 /* IOS Tip CalculatorTests.xctest */ = {isa = PBXFileReference; explicitFileType = wrapper.cfbundle; includeInIndex = 0; path = "IOS Tip CalculatorTests.xctest"; sourceTree = BUILT_PRODUCTS_DIR; };
		D13D8E142894B814001F1C53 /* IOS_Tip_CalculatorTests.swift */ = {isa = PBXFileReference; lastKnownFileType = sourcecode.swift; path = IOS_Tip_CalculatorTests.swift; sourceTree = "<group>"; };
		D13D8E1A2894B814001F1C53 /* IOS Tip CalculatorUITests.xctest */ = {isa = PBXFileReference; explicitFileType = wrapper.cfbundle; includeInIndex = 0; path = "IOS Tip CalculatorUITests.xctest"; sourceTree = BUILT_PRODUCTS_DIR; };
		D13D8E1E2894B814001F1C53 /* IOS_Tip_CalculatorUITests.swift */ = {isa = PBXFileReference; lastKnownFileType = sourcecode.swift; path = IOS_Tip_CalculatorUITests.swift; sourceTree = "<group>"; };
		D13D8E202894B814001F1C53 /* IOS_Tip_CalculatorUITestsLaunchTests.swift */ = {isa = PBXFileReference; lastKnownFileType = sourcecode.swift; path = IOS_Tip_CalculatorUITestsLaunchTests.swift; sourceTree = "<group>"; };
		D13D8E2D2894BFE4001F1C53 /* SettingsViewController.swift */ = {isa = PBXFileReference; lastKnownFileType = sourcecode.swift; path = SettingsViewController.swift; sourceTree = "<group>"; };
/* End PBXFileReference section */

/* Begin PBXFrameworksBuildPhase section */
		D13D8DF72894B812001F1C53 /* Frameworks */ = {
			isa = PBXFrameworksBuildPhase;
			buildActionMask = 2147483647;
			files = (
			);
			runOnlyForDeploymentPostprocessing = 0;
		};
		D13D8E0D2894B814001F1C53 /* Frameworks */ = {
			isa = PBXFrameworksBuildPhase;
			buildActionMask = 2147483647;
			files = (
			);
			runOnlyForDeploymentPostprocessing = 0;
		};
		D13D8E172894B814001F1C53 /* Frameworks */ = {
			isa = PBXFrameworksBuildPhase;
			buildActionMask = 2147483647;
			files = (
			);
			runOnlyForDeploymentPostprocessing = 0;
		};
/* End PBXFrameworksBuildPhase section */

/* Begin PBXGroup section */
		D13D8DF12894B812001F1C53 = {
			isa = PBXGroup;
			children = (
				D13D8E2D2894BFE4001F1C53 /* SettingsViewController.swift */,
				D13D8DFC2894B812001F1C53 /* IOS Tip Calculator */,
				D13D8E132894B814001F1C53 /* IOS Tip CalculatorTests */,
				D13D8E1D2894B814001F1C53 /* IOS Tip CalculatorUITests */,
				D13D8DFB2894B812001F1C53 /* Products */,
			);
			sourceTree = "<group>";
		};
		D13D8DFB2894B812001F1C53 /* Products */ = {
			isa = PBXGroup;
			children = (
				D13D8DFA2894B812001F1C53 /* IOS Tip Calculator.app */,
				D13D8E102894B814001F1C53 /* IOS Tip CalculatorTests.xctest */,
				D13D8E1A2894B814001F1C53 /* IOS Tip CalculatorUITests.xctest */,
			);
			name = Products;
			sourceTree = "<group>";
		};
		D13D8DFC2894B812001F1C53 /* IOS Tip Calculator */ = {
			isa = PBXGroup;
			children = (
				D13D8DFD2894B812001F1C53 /* AppDelegate.swift */,
				D13D8DFF2894B812001F1C53 /* SceneDelegate.swift */,
				D13D8E012894B812001F1C53 /* ViewController.swift */,
				D13D8E032894B812001F1C53 /* Main.storyboard */,
				D13D8E062894B813001F1C53 /* Assets.xcassets */,
				D13D8E082894B813001F1C53 /* LaunchScreen.storyboard */,
				D13D8E0B2894B813001F1C53 /* Info.plist */,
			);
			path = "IOS Tip Calculator";
			sourceTree = "<group>";
		};
		D13D8E132894B814001F1C53 /* IOS Tip CalculatorTests */ = {
			isa = PBXGroup;
			children = (
				D13D8E142894B814001F1C53 /* IOS_Tip_CalculatorTests.swift */,
			);
			path = "IOS Tip CalculatorTests";
			sourceTree = "<group>";
		};
		D13D8E1D2894B814001F1C53 /* IOS Tip CalculatorUITests */ = {
			isa = PBXGroup;
			children = (
				D13D8E1E2894B814001F1C53 /* IOS_Tip_CalculatorUITests.swift */,
				D13D8E202894B814001F1C53 /* IOS_Tip_CalculatorUITestsLaunchTests.swift */,
			);
			path = "IOS Tip CalculatorUITests";
			sourceTree = "<group>";
		};
/* End PBXGroup section */

/* Begin PBXNativeTarget section */
		D13D8DF92894B812001F1C53 /* IOS Tip Calculator */ = {
			isa = PBXNativeTarget;
			buildConfigurationList = D13D8E242894B814001F1C53 /* Build configuration list for PBXNativeTarget "IOS Tip Calculator" */;
			buildPhases = (
				D13D8DF62894B812001F1C53 /* Sources */,
				D13D8DF72894B812001F1C53 /* Frameworks */,
				D13D8DF82894B812001F1C53 /* Resources */,
			);
			buildRules = (
			);
			dependencies = (
			);
			name = "IOS Tip Calculator";
			productName = "IOS Tip Calculator";
			productReference = D13D8DFA2894B812001F1C53 /* IOS Tip Calculator.app */;
			productType = "com.apple.product-type.application";
		};
		D13D8E0F2894B814001F1C53 /* IOS Tip CalculatorTests */ = {
			isa = PBXNativeTarget;
			buildConfigurationList = D13D8E272894B814001F1C53 /* Build configuration list for PBXNativeTarget "IOS Tip CalculatorTests" */;
			buildPhases = (
				D13D8E0C2894B814001F1C53 /* Sources */,
				D13D8E0D2894B814001F1C53 /* Frameworks */,
				D13D8E0E2894B814001F1C53 /* Resources */,
			);
			buildRules = (
			);
			dependencies = (
				D13D8E122894B814001F1C53 /* PBXTargetDependency */,
			);
			name = "IOS Tip CalculatorTests";
			productName = "IOS Tip CalculatorTests";
			productReference = D13D8E102894B814001F1C53 /* IOS Tip CalculatorTests.xctest */;
			productType = "com.apple.product-type.bundle.unit-test";
		};
		D13D8E192894B814001F1C53 /* IOS Tip CalculatorUITests */ = {
			isa = PBXNativeTarget;
			buildConfigurationList = D13D8E2A2894B814001F1C53 /* Build configuration list for PBXNativeTarget "IOS Tip CalculatorUITests" */;
			buildPhases = (
				D13D8E162894B814001F1C53 /* Sources */,
				D13D8E172894B814001F1C53 /* Frameworks */,
				D13D8E182894B814001F1C53 /* Resources */,
			);
			buildRules = (
			);
			dependencies = (
				D13D8E1C2894B814001F1C53 /* PBXTargetDependency */,
			);
			name = "IOS Tip CalculatorUITests";
			productName = "IOS Tip CalculatorUITests";
			productReference = D13D8E1A2894B814001F1C53 /* IOS Tip CalculatorUITests.xctest */;
			productType = "com.apple.product-type.bundle.ui-testing";
		};
/* End PBXNativeTarget section */

/* Begin PBXProject section */
		D13D8DF22894B812001F1C53 /* Project object */ = {
			isa = PBXProject;
			attributes = {
				BuildIndependentTargetsInParallel = 1;
				LastSwiftUpdateCheck = 1340;
				LastUpgradeCheck = 1340;
				TargetAttributes = {
					D13D8DF92894B812001F1C53 = {
						CreatedOnToolsVersion = 13.4.1;
					};
					D13D8E0F2894B814001F1C53 = {
						CreatedOnToolsVersion = 13.4.1;
						TestTargetID = D13D8DF92894B812001F1C53;
					};
					D13D8E192894B814001F1C53 = {
						CreatedOnToolsVersion = 13.4.1;
						TestTargetID = D13D8DF92894B812001F1C53;
					};
				};
			};
			buildConfigurationList = D13D8DF52894B812001F1C53 /* Build configuration list for PBXProject "IOS Tip Calculator" */;
			compatibilityVersion = "Xcode 13.0";
			developmentRegion = en;
			hasScannedForEncodings = 0;
			knownRegions = (
				en,
				Base,
			);
			mainGroup = D13D8DF12894B812001F1C53;
			productRefGroup = D13D8DFB2894B812001F1C53 /* Products */;
			projectDirPath = "";
			projectRoot = "";
			targets = (
				D13D8DF92894B812001F1C53 /* IOS Tip Calculator */,
				D13D8E0F2894B814001F1C53 /* IOS Tip CalculatorTests */,
				D13D8E192894B814001F1C53 /* IOS Tip CalculatorUITests */,
			);
		};
/* End PBXProject section */

/* Begin PBXResourcesBuildPhase section */
		D13D8DF82894B812001F1C53 /* Resources */ = {
			isa = PBXResourcesBuildPhase;
			buildActionMask = 2147483647;
			files = (
				D13D8E0A2894B813001F1C53 /* LaunchScreen.storyboard in Resources */,
				D13D8E072894B813001F1C53 /* Assets.xcassets in Resources */,
				D13D8E052894B812001F1C53 /* Main.storyboard in Resources */,
			);
			runOnlyForDeploymentPostprocessing = 0;
		};
		D13D8E0E2894B814001F1C53 /* Resources */ = {
			isa = PBXResourcesBuildPhase;
			buildActionMask = 2147483647;
			files = (
			);
			runOnlyForDeploymentPostprocessing = 0;
		};
		D13D8E182894B814001F1C53 /* Resources */ = {
			isa = PBXResourcesBuildPhase;
			buildActionMask = 2147483647;
			files = (
			);
			runOnlyForDeploymentPostprocessing = 0;
		};
/* End PBXResourcesBuildPhase section */

/* Begin PBXSourcesBuildPhase section */
		D13D8DF62894B812001F1C53 /* Sources */ = {
			isa = PBXSourcesBuildPhase;
			buildActionMask = 2147483647;
			files = (
				D13D8E022894B812001F1C53 /* ViewController.swift in Sources */,
				D13D8DFE2894B812001F1C53 /* AppDelegate.swift in Sources */,
				D13D8E002894B812001F1C53 /* SceneDelegate.swift in Sources */,
				D13D8E2E2894BFE5001F1C53 /* SettingsViewController.swift in Sources */,
			);
			runOnlyForDeploymentPostprocessing = 0;
		};
		D13D8E0C2894B814001F1C53 /* Sources */ = {
			isa = PBXSourcesBuildPhase;
			buildActionMask = 2147483647;
			files = (
				D13D8E152894B814001F1C53 /* IOS_Tip_CalculatorTests.swift in Sources */,
			);
			runOnlyForDeploymentPostprocessing = 0;
		};
		D13D8E162894B814001F1C53 /* Sources */ = {
			isa = PBXSourcesBuildPhase;
			buildActionMask = 2147483647;
			files = (
				D13D8E212894B814001F1C53 /* IOS_Tip_CalculatorUITestsLaunchTests.swift in Sources */,
				D13D8E1F2894B814001F1C53 /* IOS_Tip_CalculatorUITests.swift in Sources */,
			);
			runOnlyForDeploymentPostprocessing = 0;
		};
/* End PBXSourcesBuildPhase section */

/* Begin PBXTargetDependency section */
		D13D8E122894B814001F1C53 /* PBXTargetDependency */ = {
			isa = PBXTargetDependency;
			target = D13D8DF92894B812001F1C53 /* IOS Tip Calculator */;
			targetProxy = D13D8E112894B814001F1C53 /* PBXContainerItemProxy */;
		};
		D13D8E1C2894B814001F1C53 /* PBXTargetDependency */ = {
			isa = PBXTargetDependency;
			target = D13D8DF92894B812001F1C53 /* IOS Tip Calculator */;
			targetProxy = D13D8E1B2894B814001F1C53 /* PBXContainerItemProxy */;
		};
/* End PBXTargetDependency section */

/* Begin PBXVariantGroup section */
		D13D8E032894B812001F1C53 /* Main.storyboard */ = {
			isa = PBXVariantGroup;
			children = (
				D13D8E042894B812001F1C53 /* Base */,
			);
			name = Main.storyboard;
			sourceTree = "<group>";
		};
		D13D8E082894B813001F1C53 /* LaunchScreen.storyboard */ = {
			isa = PBXVariantGroup;
			children = (
				D13D8E092894B813001F1C53 /* Base */,
			);
			name = LaunchScreen.storyboard;
			sourceTree = "<group>";
		};
/* End PBXVariantGroup section */

/* Begin XCBuildConfiguration section */
		D13D8E222894B814001F1C53 /* Debug */ = {
			isa = XCBuildConfiguration;
			buildSettings = {
				ALWAYS_SEARCH_USER_PATHS = NO;
				CLANG_ANALYZER_NONNULL = YES;
				CLANG_ANALYZER_NUMBER_OBJECT_CONVERSION = YES_AGGRESSIVE;
				CLANG_CXX_LANGUAGE_STANDARD = "gnu++17";
				CLANG_ENABLE_MODULES = YES;
				CLANG_ENABLE_OBJC_ARC = YES;
				CLANG_ENABLE_OBJC_WEAK = YES;
				CLANG_WARN_BLOCK_CAPTURE_AUTORELEASING = YES;
				CLANG_WARN_BOOL_CONVERSION = YES;
				CLANG_WARN_COMMA = YES;
				CLANG_WARN_CONSTANT_CONVERSION = YES;
				CLANG_WARN_DEPRECATED_OBJC_IMPLEMENTATIONS = YES;
				CLANG_WARN_DIRECT_OBJC_ISA_USAGE = YES_ERROR;
				CLANG_WARN_DOCUMENTATION_COMMENTS = YES;
				CLANG_WARN_EMPTY_BODY = YES;
				CLANG_WARN_ENUM_CONVERSION = YES;
				CLANG_WARN_INFINITE_RECURSION = YES;
				CLANG_WARN_INT_CONVERSION = YES;
				CLANG_WARN_NON_LITERAL_NULL_CONVERSION = YES;
				CLANG_WARN_OBJC_IMPLICIT_RETAIN_SELF = YES;
				CLANG_WARN_OBJC_LITERAL_CONVERSION = YES;
				CLANG_WARN_OBJC_ROOT_CLASS = YES_ERROR;
				CLANG_WARN_QUOTED_INCLUDE_IN_FRAMEWORK_HEADER = YES;
				CLANG_WARN_RANGE_LOOP_ANALYSIS = YES;
				CLANG_WARN_STRICT_PROTOTYPES = YES;
				CLANG_WARN_SUSPICIOUS_MOVE = YES;
				CLANG_WARN_UNGUARDED_AVAILABILITY = YES_AGGRESSIVE;
				CLANG_WARN_UNREACHABLE_CODE = YES;
				CLANG_WARN__DUPLICATE_METHOD_MATCH = YES;
				COPY_PHASE_STRIP = NO;
				DEBUG_INFORMATION_FORMAT = dwarf;
				ENABLE_STRICT_OBJC_MSGSEND = YES;
				ENABLE_TESTABILITY = YES;
				GCC_C_LANGUAGE_STANDARD = gnu11;
				GCC_DYNAMIC_NO_PIC = NO;
				GCC_NO_COMMON_BLOCKS = YES;
				GCC_OPTIMIZATION_LEVEL = 0;
				GCC_PREPROCESSOR_DEFINITIONS = (
					"DEBUG=1",
					"$(inherited)",
				);
				GCC_WARN_64_TO_32_BIT_CONVERSION = YES;
				GCC_WARN_ABOUT_RETURN_TYPE = YES_ERROR;
				GCC_WARN_UNDECLARED_SELECTOR = YES;
				GCC_WARN_UNINITIALIZED_AUTOS = YES_AGGRESSIVE;
				GCC_WARN_UNUSED_FUNCTION = YES;
				GCC_WARN_UNUSED_VARIABLE = YES;
				IPHONEOS_DEPLOYMENT_TARGET = 15.5;
				MTL_ENABLE_DEBUG_INFO = INCLUDE_SOURCE;
				MTL_FAST_MATH = YES;
				ONLY_ACTIVE_ARCH = YES;
				SDKROOT = iphoneos;
				SWIFT_ACTIVE_COMPILATION_CONDITIONS = DEBUG;
				SWIFT_OPTIMIZATION_LEVEL = "-Onone";
			};
			name = Debug;
		};
		D13D8E232894B814001F1C53 /* Release */ = {
			isa = XCBuildConfiguration;
			buildSettings = {
				ALWAYS_SEARCH_USER_PATHS = NO;
				CLANG_ANALYZER_NONNULL = YES;
				CLANG_ANALYZER_NUMBER_OBJECT_CONVERSION = YES_AGGRESSIVE;
				CLANG_CXX_LANGUAGE_STANDARD = "gnu++17";
				CLANG_ENABLE_MODULES = YES;
				CLANG_ENABLE_OBJC_ARC = YES;
				CLANG_ENABLE_OBJC_WEAK = YES;
				CLANG_WARN_BLOCK_CAPTURE_AUTORELEASING = YES;
				CLANG_WARN_BOOL_CONVERSION = YES;
				CLANG_WARN_COMMA = YES;
				CLANG_WARN_CONSTANT_CONVERSION = YES;
				CLANG_WARN_DEPRECATED_OBJC_IMPLEMENTATIONS = YES;
				CLANG_WARN_DIRECT_OBJC_ISA_USAGE = YES_ERROR;
				CLANG_WARN_DOCUMENTATION_COMMENTS = YES;
				CLANG_WARN_EMPTY_BODY = YES;
				CLANG_WARN_ENUM_CONVERSION = YES;
				CLANG_WARN_INFINITE_RECURSION = YES;
				CLANG_WARN_INT_CONVERSION = YES;
				CLANG_WARN_NON_LITERAL_NULL_CONVERSION = YES;
				CLANG_WARN_OBJC_IMPLICIT_RETAIN_SELF = YES;
				CLANG_WARN_OBJC_LITERAL_CONVERSION = YES;
				CLANG_WARN_OBJC_ROOT_CLASS = YES_ERROR;
				CLANG_WARN_QUOTED_INCLUDE_IN_FRAMEWORK_HEADER = YES;
				CLANG_WARN_RANGE_LOOP_ANALYSIS = YES;
				CLANG_WARN_STRICT_PROTOTYPES = YES;
				CLANG_WARN_SUSPICIOUS_MOVE = YES;
				CLANG_WARN_UNGUARDED_AVAILABILITY = YES_AGGRESSIVE;
				CLANG_WARN_UNREACHABLE_CODE = YES;
				CLANG_WARN__DUPLICATE_METHOD_MATCH = YES;
				COPY_PHASE_STRIP = NO;
				DEBUG_INFORMATION_FORMAT = "dwarf-with-dsym";
				ENABLE_NS_ASSERTIONS = NO;
				ENABLE_STRICT_OBJC_MSGSEND = YES;
				GCC_C_LANGUAGE_STANDARD = gnu11;
				GCC_NO_COMMON_BLOCKS = YES;
				GCC_WARN_64_TO_32_BIT_CONVERSION = YES;
				GCC_WARN_ABOUT_RETURN_TYPE = YES_ERROR;
				GCC_WARN_UNDECLARED_SELECTOR = YES;
				GCC_WARN_UNINITIALIZED_AUTOS = YES_AGGRESSIVE;
				GCC_WARN_UNUSED_FUNCTION = YES;
				GCC_WARN_UNUSED_VARIABLE = YES;
				IPHONEOS_DEPLOYMENT_TARGET = 15.5;
				MTL_ENABLE_DEBUG_INFO = NO;
				MTL_FAST_MATH = YES;
				SDKROOT = iphoneos;
				SWIFT_COMPILATION_MODE = wholemodule;
				SWIFT_OPTIMIZATION_LEVEL = "-O";
				VALIDATE_PRODUCT = YES;
			};
			name = Release;
		};
		D13D8E252894B814001F1C53 /* Debug */ = {
			isa = XCBuildConfiguration;
			buildSettings = {
				ASSETCATALOG_COMPILER_APPICON_NAME = AppIcon;
				ASSETCATALOG_COMPILER_GLOBAL_ACCENT_COLOR_NAME = AccentColor;
				CODE_SIGN_STYLE = Automatic;
				CURRENT_PROJECT_VERSION = 1;
				GENERATE_INFOPLIST_FILE = YES;
				INFOPLIST_FILE = "IOS Tip Calculator/Info.plist";
				INFOPLIST_KEY_UIApplicationSupportsIndirectInputEvents = YES;
				INFOPLIST_KEY_UILaunchStoryboardName = LaunchScreen;
				INFOPLIST_KEY_UIMainStoryboardFile = Main;
				INFOPLIST_KEY_UISupportedInterfaceOrientations_iPad = "UIInterfaceOrientationPortrait UIInterfaceOrientationPortraitUpsideDown UIInterfaceOrientationLandscapeLeft UIInterfaceOrientationLandscapeRight";
				INFOPLIST_KEY_UISupportedInterfaceOrientations_iPhone = "UIInterfaceOrientationPortrait UIInterfaceOrientationLandscapeLeft UIInterfaceOrientationLandscapeRight";
				LD_RUNPATH_SEARCH_PATHS = (
					"$(inherited)",
					"@executable_path/Frameworks",
				);
				MARKETING_VERSION = 1.0;
				PRODUCT_BUNDLE_IDENTIFIER = "prework.IOS-Tip-Calculator";
				PRODUCT_NAME = "$(TARGET_NAME)";
				SWIFT_EMIT_LOC_STRINGS = YES;
				SWIFT_VERSION = 5.0;
				TARGETED_DEVICE_FAMILY = "1,2";
			};
			name = Debug;
		};
		D13D8E262894B814001F1C53 /* Release */ = {
			isa = XCBuildConfiguration;
			buildSettings = {
				ASSETCATALOG_COMPILER_APPICON_NAME = AppIcon;
				ASSETCATALOG_COMPILER_GLOBAL_ACCENT_COLOR_NAME = AccentColor;
				CODE_SIGN_STYLE = Automatic;
				CURRENT_PROJECT_VERSION = 1;
				GENERATE_INFOPLIST_FILE = YES;
				INFOPLIST_FILE = "IOS Tip Calculator/Info.plist";
				INFOPLIST_KEY_UIApplicationSupportsIndirectInputEvents = YES;
				INFOPLIST_KEY_UILaunchStoryboardName = LaunchScreen;
				INFOPLIST_KEY_UIMainStoryboardFile = Main;
				INFOPLIST_KEY_UISupportedInterfaceOrientations_iPad = "UIInterfaceOrientationPortrait UIInterfaceOrientationPortraitUpsideDown UIInterfaceOrientationLandscapeLeft UIInterfaceOrientationLandscapeRight";
				INFOPLIST_KEY_UISupportedInterfaceOrientations_iPhone = "UIInterfaceOrientationPortrait UIInterfaceOrientationLandscapeLeft UIInterfaceOrientationLandscapeRight";
				LD_RUNPATH_SEARCH_PATHS = (
					"$(inherited)",
					"@executable_path/Frameworks",
				);
				MARKETING_VERSION = 1.0;
				PRODUCT_BUNDLE_IDENTIFIER = "prework.IOS-Tip-Calculator";
				PRODUCT_NAME = "$(TARGET_NAME)";
				SWIFT_EMIT_LOC_STRINGS = YES;
				SWIFT_VERSION = 5.0;
				TARGETED_DEVICE_FAMILY = "1,2";
			};
			name = Release;
		};
		D13D8E282894B814001F1C53 /* Debug */ = {
			isa = XCBuildConfiguration;
			buildSettings = {
				ALWAYS_EMBED_SWIFT_STANDARD_LIBRARIES = YES;
				BUNDLE_LOADER = "$(TEST_HOST)";
				CODE_SIGN_STYLE = Automatic;
				CURRENT_PROJECT_VERSION = 1;
				GENERATE_INFOPLIST_FILE = YES;
				IPHONEOS_DEPLOYMENT_TARGET = 15.5;
				MARKETING_VERSION = 1.0;
				PRODUCT_BUNDLE_IDENTIFIER = "prework.IOS-Tip-CalculatorTests";
				PRODUCT_NAME = "$(TARGET_NAME)";
				SWIFT_EMIT_LOC_STRINGS = NO;
				SWIFT_VERSION = 5.0;
				TARGETED_DEVICE_FAMILY = "1,2";
				TEST_HOST = "$(BUILT_PRODUCTS_DIR)/IOS Tip Calculator.app/IOS Tip Calculator";
			};
			name = Debug;
		};
		D13D8E292894B814001F1C53 /* Release */ = {
			isa = XCBuildConfiguration;
			buildSettings = {
				ALWAYS_EMBED_SWIFT_STANDARD_LIBRARIES = YES;
				BUNDLE_LOADER = "$(TEST_HOST)";
				CODE_SIGN_STYLE = Automatic;
				CURRENT_PROJECT_VERSION = 1;
				GENERATE_INFOPLIST_FILE = YES;
				IPHONEOS_DEPLOYMENT_TARGET = 15.5;
				MARKETING_VERSION = 1.0;
				PRODUCT_BUNDLE_IDENTIFIER = "prework.IOS-Tip-CalculatorTests";
				PRODUCT_NAME = "$(TARGET_NAME)";
				SWIFT_EMIT_LOC_STRINGS = NO;
				SWIFT_VERSION = 5.0;
				TARGETED_DEVICE_FAMILY = "1,2";
				TEST_HOST = "$(BUILT_PRODUCTS_DIR)/IOS Tip Calculator.app/IOS Tip Calculator";
			};
			name = Release;
		};
		D13D8E2B2894B814001F1C53 /* Debug */ = {
			isa = XCBuildConfiguration;
			buildSettings = {
				ALWAYS_EMBED_SWIFT_STANDARD_LIBRARIES = YES;
				CODE_SIGN_STYLE = Automatic;
				CURRENT_PROJECT_VERSION = 1;
				GENERATE_INFOPLIST_FILE = YES;
				MARKETING_VERSION = 1.0;
				PRODUCT_BUNDLE_IDENTIFIER = "prework.IOS-Tip-CalculatorUITests";
				PRODUCT_NAME = "$(TARGET_NAME)";
				SWIFT_EMIT_LOC_STRINGS = NO;
				SWIFT_VERSION = 5.0;
				TARGETED_DEVICE_FAMILY = "1,2";
				TEST_TARGET_NAME = "IOS Tip Calculator";
			};
			name = Debug;
		};
		D13D8E2C2894B814001F1C53 /* Release */ = {
			isa = XCBuildConfiguration;
			buildSettings = {
				ALWAYS_EMBED_SWIFT_STANDARD_LIBRARIES = YES;
				CODE_SIGN_STYLE = Automatic;
				CURRENT_PROJECT_VERSION = 1;
				GENERATE_INFOPLIST_FILE = YES;
				MARKETING_VERSION = 1.0;
				PRODUCT_BUNDLE_IDENTIFIER = "prework.IOS-Tip-CalculatorUITests";
				PRODUCT_NAME = "$(TARGET_NAME)";
				SWIFT_EMIT_LOC_STRINGS = NO;
				SWIFT_VERSION = 5.0;
				TARGETED_DEVICE_FAMILY = "1,2";
				TEST_TARGET_NAME = "IOS Tip Calculator";
			};
			name = Release;
		};
/* End XCBuildConfiguration section */

/* Begin XCConfigurationList section */
		D13D8DF52894B812001F1C53 /* Build configuration list for PBXProject "IOS Tip Calculator" */ = {
			isa = XCConfigurationList;
			buildConfigurations = (
				D13D8E222894B814001F1C53 /* Debug */,
				D13D8E232894B814001F1C53 /* Release */,
			);
			defaultConfigurationIsVisible = 0;
			defaultConfigurationName = Release;
		};
		D13D8E242894B814001F1C53 /* Build configuration list for PBXNativeTarget "IOS Tip Calculator" */ = {
			isa = XCConfigurationList;
			buildConfigurations = (
				D13D8E252894B814001F1C53 /* Debug */,
				D13D8E262894B814001F1C53 /* Release */,
			);
			defaultConfigurationIsVisible = 0;
			defaultConfigurationName = Release;
		};
		D13D8E272894B814001F1C53 /* Build configuration list for PBXNativeTarget "IOS Tip CalculatorTests" */ = {
			isa = XCConfigurationList;
			buildConfigurations = (
				D13D8E282894B814001F1C53 /* Debug */,
				D13D8E292894B814001F1C53 /* Release */,
			);
			defaultConfigurationIsVisible = 0;
			defaultConfigurationName = Release;
		};
		D13D8E2A2894B814001F1C53 /* Build configuration list for PBXNativeTarget "IOS Tip CalculatorUITests" */ = {
			isa = XCConfigurationList;
			buildConfigurations = (
				D13D8E2B2894B814001F1C53 /* Debug */,
				D13D8E2C2894B814001F1C53 /* Release */,
			);
			defaultConfigurationIsVisible = 0;
			defaultConfigurationName = Release;
		};
/* End XCConfigurationList section */
	};
	rootObject = D13D8DF22894B812001F1C53 /* Project object */;
}
